Microsoft Visual Studio Solution File, Format Version 11.00
# Visual Studio 2008

Project("{424358F8-F23D-6D6A-0467-F889DB5D7E3C}") = "UnityAppWarpResilencySample", "Assembly-CSharp-vs.csproj", "{7FBD5743-FC34-7FDD-3EAF-1379DD3AF815}"
EndProject
Global
	GlobalSection(SolutionConfigurationPlatforms) = preSolution
		Debug|Any CPU = Debug|Any CPU
		Release|Any CPU = Release|Any CPU
	EndGlobalSection
	GlobalSection(ProjectConfigurationPlatforms) = postSolution
		{7FBD5743-FC34-7FDD-3EAF-1379DD3AF815}.Debug|Any CPU.ActiveCfg = Debug|Any CPU
		{7FBD5743-FC34-7FDD-3EAF-1379DD3AF815}.Debug|Any CPU.Build.0 = Debug|Any CPU
		{7FBD5743-FC34-7FDD-3EAF-1379DD3AF815}.Release|Any CPU.ActiveCfg = Release|Any CPU
		{7FBD5743-FC34-7FDD-3EAF-1379DD3AF815}.Release|Any CPU.Build.0 = Release|Any CPU
	EndGlobalSection
	GlobalSection(SolutionProperties) = preSolution
		HideSolutionNode = FALSE
	EndGlobalSection
																																																									GlobalSection(MonoDevelopProperties) = preSolution
		StartupItem = Assembly-CSharp.csproj
		Policies = $0
		$0.TextStylePolicy = $1
		$1.inheritsSet = null
		$1.scope = text/x-csharp
		$0.CSharpFormattingPolicy = $2
		$2.inheritsSet = Mono
		$2.inheritsScope = text/x-csharp
		$2.scope = text/x-csharp
		$0.TextStylePolicy = $3
		$3.FileWidth = 120
		$3.TabWidth = 4
		$3.EolMarker = Unix
		$3.inheritsSet = Mono
		$3.inheritsScope = text/plain
		$3.scope = text/plain
	EndGlobalSection

EndGlobal
